
Microsoft Visual Studio Solution File, Format Version 12.00
# Visual Studio Version 16
VisualStudioVersion = 16.0.29911.84
MinimumVisualStudioVersion = 10.0.40219.1
Project("{FAE04EC0-301F-11D3-BF4B-00C04F79EFBC}") = "KoreatechGraduateManagement", "KoreatechGraduateManagement.csproj", "{8B3D3C44-31A6-4069-B792-50DDB36C915D}"
EndProject
Global
	GlobalSection(SolutionConfigurationPlatforms) = preSolution
		Debug|Any CPU = Debug|Any CPU
		Release|Any CPU = Release|Any CPU
	EndGlobalSection
	GlobalSection(ProjectConfigurationPlatforms) = postSolution
		{8B3D3C44-31A6-4069-B792-50DDB36C915D}.Debug|Any CPU.ActiveCfg = Debug|Any CPU
		{8B3D3C44-31A6-4069-B792-50DDB36C915D}.Debug|Any CPU.Build.0 = Debug|Any CPU
		{8B3D3C44-31A6-4069-B792-50DDB36C915D}.Release|Any CPU.ActiveCfg = Release|Any CPU
		{8B3D3C44-31A6-4069-B792-50DDB36C915D}.Release|Any CPU.Build.0 = Release|Any CPU
	EndGlobalSection
	GlobalSection(SolutionProperties) = preSolution
		HideSolutionNode = FALSE
	EndGlobalSection
	GlobalSection(ExtensibilityGlobals) = postSolution
		SolutionGuid = {1E2D4990-9F9A-4AC8-85FC-32BBEBFDD8EE}
	EndGlobalSection
EndGlobal
